# THIS IS AN AUTOGENERATED FILE. DO NOT EDIT THIS FILE DIRECTLY.
# yarn lockfile v1


ansi-styles@^3.2.1:
  version "3.2.1"
  resolved "https://registry.yarnpkg.com/ansi-styles/-/ansi-styles-3.2.1.tgz#41fbb20243e50b12be0f04b8dedbf07520ce841d"
  dependencies:
    color-convert "^1.9.0"

chalk@^2.3.2:
  version "2.4.1"
  resolved "https://registry.yarnpkg.com/chalk/-/chalk-2.4.1.tgz#18c49ab16a037b6eb0152cc83e3471338215b66e"
  dependencies:
    ansi-styles "^3.2.1"
    escape-string-regexp "^1.0.5"
    supports-color "^5.3.0"

clear@^0.1.0:
  version "0.1.0"
  resolved "https://registry.yarnpkg.com/clear/-/clear-0.1.0.tgz#b81b1e03437a716984fd7ac97c87d73bdfe7048a"

color-convert@^1.9.0:
  version "1.9.1"
  resolved "https://registry.yarnpkg.com/color-convert/-/color-convert-1.9.1.tgz#c1261107aeb2f294ebffec9ed9ecad529a6097ed"
  dependencies:
    color-name "^1.1.1"

color-name@^1.1.1:
  version "1.1.3"
  resolved "https://registry.yarnpkg.com/color-name/-/color-name-1.1.3.tgz#a7d0558bd89c42f795dd42328f740831ca53bc25"

escape-string-regexp@^1.0.5:
  version "1.0.5"
  resolved "https://registry.yarnpkg.com/escape-string-regexp/-/escape-string-regexp-1.0.5.tgz#1b61c0562190a8dff6ae3bb2cf0200ca130b86d4"

esm@^3.0.45:
  version "3.0.45"
  resolved "https://registry.yarnpkg.com/esm/-/esm-3.0.45.tgz#7034e5fdb480bd670f36eb2fece845efd1f8bb13"

figlet@^1.2.0:
  version "1.2.0"
  resolved "https://registry.yarnpkg.com/figlet/-/figlet-1.2.0.tgz#6c46537378fab649146b5a6143dda019b430b410"

has-flag@^3.0.0:
  version "3.0.0"
  resolved "https://registry.yarnpkg.com/has-flag/-/has-flag-3.0.0.tgz#b5d454dc2199ae225699f3467e5a07f3b955bafd"

lodash.toarray@^4.4.0:
  version "4.4.0"
  resolved "https://registry.yarnpkg.com/lodash.toarray/-/lodash.toarray-4.4.0.tgz#24c4bfcd6b2fba38bfd0594db1179d8e9b656561"

node-emoji@^1.8.1:
  version "1.8.1"
  resolved "https://registry.yarnpkg.com/node-emoji/-/node-emoji-1.8.1.tgz#6eec6bfb07421e2148c75c6bba72421f8530a826"
  dependencies:
    lodash.toarray "^4.4.0"

supports-color@^5.3.0:
  version "5.4.0"
  resolved "https://registry.yarnpkg.com/supports-color/-/supports-color-5.4.0.tgz#1c6b337402c2137605efe19f10fec390f6faab54"
  dependencies:
    has-flag "^3.0.0"
